// !$*UTF8*$!
{
	archiveVersion = 1;
	classes = {
	};
	objectVersion = 77;
	objects = {

/* Begin PBXContainerItemProxy section */
		922B1B992DA62FBA0022F472 /* PBXContainerItemProxy */ = {
			isa = PBXContainerItemProxy;
			containerPortal = 922B1B7C2DA62FB90022F472 /* Project object */;
			proxyType = 1;
			remoteGlobalIDString = 922B1B832DA62FB90022F472;
			remoteInfo = arthaus;
		};
		922B1BA32DA62FBA0022F472 /* PBXContainerItemProxy */ = {
			isa = PBXContainerItemProxy;
			containerPortal = 922B1B7C2DA62FB90022F472 /* Project object */;
			proxyType = 1;
			remoteGlobalIDString = 922B1B832DA62FB90022F472;
			remoteInfo = arthaus;
		};
/* End PBXContainerItemProxy section */

/* Begin PBXFileReference section */
		922B1B842DA62FB90022F472 /* arthaus.app */ = {isa = PBXFileReference; explicitFileType = wrapper.application; includeInIndex = 0; path = arthaus.app; sourceTree = BUILT_PRODUCTS_DIR; };
		922B1B982DA62FBA0022F472 /* arthausTests.xctest */ = {isa = PBXFileReference; explicitFileType = wrapper.cfbundle; includeInIndex = 0; path = arthausTests.xctest; sourceTree = BUILT_PRODUCTS_DIR; };
		922B1BA22DA62FBA0022F472 /* arthausUITests.xctest */ = {isa = PBXFileReference; explicitFileType = wrapper.cfbundle; includeInIndex = 0; path = arthausUITests.xctest; sourceTree = BUILT_PRODUCTS_DIR; };
/* End PBXFileReference section */

/* Begin PBXFileSystemSynchronizedBuildFileExceptionSet section */
		922B1BAA2DA62FBA0022F472 /* Exceptions for "arthaus" folder in "arthaus" target */ = {
			isa = PBXFileSystemSynchronizedBuildFileExceptionSet;
			membershipExceptions = (
				Info.plist,
			);
			target = 922B1B832DA62FB90022F472 /* arthaus */;
		};
/* End PBXFileSystemSynchronizedBuildFileExceptionSet section */

/* Begin PBXFileSystemSynchronizedRootGroup section */
		922B1B862DA62FB90022F472 /* arthaus */ = {
			isa = PBXFileSystemSynchronizedRootGroup;
			exceptions = (
				922B1BAA2DA62FBA0022F472 /* Exceptions for "arthaus" folder in "arthaus" target */,
			);
			path = arthaus;
			sourceTree = "<group>";
		};
		922B1B9B2DA62FBA0022F472 /* arthausTests */ = {
			isa = PBXFileSystemSynchronizedRootGroup;
			path = arthausTests;
			sourceTree = "<group>";
		};
		922B1BA52DA62FBA0022F472 /* arthausUITests */ = {
			isa = PBXFileSystemSynchronizedRootGroup;
			path = arthausUITests;
			sourceTree = "<group>";
		};
/* End PBXFileSystemSynchronizedRootGroup section */

/* Begin PBXFrameworksBuildPhase section */
		922B1B812DA62FB90022F472 /* Frameworks */ = {
			isa = PBXFrameworksBuildPhase;
			buildActionMask = 2147483647;
			files = (
			);
			runOnlyForDeploymentPostprocessing = 0;
		};
		922B1B952DA62FBA0022F472 /* Frameworks */ = {
			isa = PBXFrameworksBuildPhase;
			buildActionMask = 2147483647;
			files = (
			);
			runOnlyForDeploymentPostprocessing = 0;
		};
		922B1B9F2DA62FBA0022F472 /* Frameworks */ = {
			isa = PBXFrameworksBuildPhase;
			buildActionMask = 2147483647;
			files = (
			);
			runOnlyForDeploymentPostprocessing = 0;
		};
/* End PBXFrameworksBuildPhase section */

/* Begin PBXGroup section */
		922B1B7B2DA62FB90022F472 = {
			isa = PBXGroup;
			children = (
				922B1B862DA62FB90022F472 /* arthaus */,
				922B1B9B2DA62FBA0022F472 /* arthausTests */,
				922B1BA52DA62FBA0022F472 /* arthausUITests */,
				922B1B852DA62FB90022F472 /* Products */,
			);
			sourceTree = "<group>";
		};
		922B1B852DA62FB90022F472 /* Products */ = {
			isa = PBXGroup;
			children = (
				922B1B842DA62FB90022F472 /* arthaus.app */,
				922B1B982DA62FBA0022F472 /* arthausTests.xctest */,
				922B1BA22DA62FBA0022F472 /* arthausUITests.xctest */,
			);
			name = Products;
			sourceTree = "<group>";
		};
/* End PBXGroup section */

/* Begin PBXNativeTarget section */
		922B1B832DA62FB90022F472 /* arthaus */ = {
			isa = PBXNativeTarget;
			buildConfigurationList = 922B1BAB2DA62FBA0022F472 /* Build configuration list for PBXNativeTarget "arthaus" */;
			buildPhases = (
				922B1B802DA62FB90022F472 /* Sources */,
				922B1B812DA62FB90022F472 /* Frameworks */,
				922B1B822DA62FB90022F472 /* Resources */,
			);
			buildRules = (
			);
			dependencies = (
			);
			fileSystemSynchronizedGroups = (
				922B1B862DA62FB90022F472 /* arthaus */,
			);
			name = arthaus;
			packageProductDependencies = (
			);
			productName = arthaus;
			productReference = 922B1B842DA62FB90022F472 /* arthaus.app */;
			productType = "com.apple.product-type.application";
		};
		922B1B972DA62FBA0022F472 /* arthausTests */ = {
			isa = PBXNativeTarget;
			buildConfigurationList = 922B1BB02DA62FBA0022F472 /* Build configuration list for PBXNativeTarget "arthausTests" */;
			buildPhases = (
				922B1B942DA62FBA0022F472 /* Sources */,
				922B1B952DA62FBA0022F472 /* Frameworks */,
				922B1B962DA62FBA0022F472 /* Resources */,
			);
			buildRules = (
			);
			dependencies = (
				922B1B9A2DA62FBA0022F472 /* PBXTargetDependency */,
			);
			fileSystemSynchronizedGroups = (
				922B1B9B2DA62FBA0022F472 /* arthausTests */,
			);
			name = arthausTests;
			packageProductDependencies = (
			);
			productName = arthausTests;
			productReference = 922B1B982DA62FBA0022F472 /* arthausTests.xctest */;
			productType = "com.apple.product-type.bundle.unit-test";
		};
		922B1BA12DA62FBA0022F472 /* arthausUITests */ = {
			isa = PBXNativeTarget;
			buildConfigurationList = 922B1BB32DA62FBA0022F472 /* Build configuration list for PBXNativeTarget "arthausUITests" */;
			buildPhases = (
				922B1B9E2DA62FBA0022F472 /* Sources */,
				922B1B9F2DA62FBA0022F472 /* Frameworks */,
				922B1BA02DA62FBA0022F472 /* Resources */,
			);
			buildRules = (
			);
			dependencies = (
				922B1BA42DA62FBA0022F472 /* PBXTargetDependency */,
			);
			fileSystemSynchronizedGroups = (
				922B1BA52DA62FBA0022F472 /* arthausUITests */,
			);
			name = arthausUITests;
			packageProductDependencies = (
			);
			productName = arthausUITests;
			productReference = 922B1BA22DA62FBA0022F472 /* arthausUITests.xctest */;
			productType = "com.apple.product-type.bundle.ui-testing";
		};
/* End PBXNativeTarget section */

/* Begin PBXProject section */
		922B1B7C2DA62FB90022F472 /* Project object */ = {
			isa = PBXProject;
			attributes = {
				BuildIndependentTargetsInParallel = 1;
				LastSwiftUpdateCheck = 1620;
				LastUpgradeCheck = 1620;
				TargetAttributes = {
					922B1B832DA62FB90022F472 = {
						CreatedOnToolsVersion = 16.2;
					};
					922B1B972DA62FBA0022F472 = {
						CreatedOnToolsVersion = 16.2;
						TestTargetID = 922B1B832DA62FB90022F472;
					};
					922B1BA12DA62FBA0022F472 = {
						CreatedOnToolsVersion = 16.2;
						TestTargetID = 922B1B832DA62FB90022F472;
					};
				};
			};
			buildConfigurationList = 922B1B7F2DA62FB90022F472 /* Build configuration list for PBXProject "arthaus" */;
			developmentRegion = en;
			hasScannedForEncodings = 0;
			knownRegions = (
				en,
				Base,
			);
			mainGroup = 922B1B7B2DA62FB90022F472;
			minimizedProjectReferenceProxies = 1;
			packageReferences = (
				921F25C62DB2D3990096A100 /* XCRemoteSwiftPackageReference "ConfettiSwiftUI" */,
			);
			preferredProjectObjectVersion = 77;
			productRefGroup = 922B1B852DA62FB90022F472 /* Products */;
			projectDirPath = "";
			projectRoot = "";
			targets = (
				922B1B832DA62FB90022F472 /* arthaus */,
				922B1B972DA62FBA0022F472 /* arthausTests */,
				922B1BA12DA62FBA0022F472 /* arthausUITests */,
			);
		};
/* End PBXProject section */

/* Begin PBXResourcesBuildPhase section */
		922B1B822DA62FB90022F472 /* Resources */ = {
			isa = PBXResourcesBuildPhase;
			buildActionMask = 2147483647;
			files = (
			);
			runOnlyForDeploymentPostprocessing = 0;
		};
		922B1B962DA62FBA0022F472 /* Resources */ = {
			isa = PBXResourcesBuildPhase;
			buildActionMask = 2147483647;
			files = (
			);
			runOnlyForDeploymentPostprocessing = 0;
		};
		922B1BA02DA62FBA0022F472 /* Resources */ = {
			isa = PBXResourcesBuildPhase;
			buildActionMask = 2147483647;
			files = (
			);
			runOnlyForDeploymentPostprocessing = 0;
		};
/* End PBXResourcesBuildPhase section */

/* Begin PBXSourcesBuildPhase section */
		922B1B802DA62FB90022F472 /* Sources */ = {
			isa = PBXSourcesBuildPhase;
			buildActionMask = 2147483647;
			files = (
			);
			runOnlyForDeploymentPostprocessing = 0;
		};
		922B1B942DA62FBA0022F472 /* Sources */ = {
			isa = PBXSourcesBuildPhase;
			buildActionMask = 2147483647;
			files = (
			);
			runOnlyForDeploymentPostprocessing = 0;
		};
		922B1B9E2DA62FBA0022F472 /* Sources */ = {
			isa = PBXSourcesBuildPhase;
			buildActionMask = 2147483647;
			files = (
			);
			runOnlyForDeploymentPostprocessing = 0;
		};
/* End PBXSourcesBuildPhase section */

/* Begin PBXTargetDependency section */
		922B1B9A2DA62FBA0022F472 /* PBXTargetDependency */ = {
			isa = PBXTargetDependency;
			target = 922B1B832DA62FB90022F472 /* arthaus */;
			targetProxy = 922B1B992DA62FBA0022F472 /* PBXContainerItemProxy */;
		};
		922B1BA42DA62FBA0022F472 /* PBXTargetDependency */ = {
			isa = PBXTargetDependency;
			target = 922B1B832DA62FB90022F472 /* arthaus */;
			targetProxy = 922B1BA32DA62FBA0022F472 /* PBXContainerItemProxy */;
		};
/* End PBXTargetDependency section */

/* Begin XCBuildConfiguration section */
		922B1BAC2DA62FBA0022F472 /* Debug */ = {
			isa = XCBuildConfiguration;
			buildSettings = {
				ASSETCATALOG_COMPILER_APPICON_NAME = AppIcon;
				ASSETCATALOG_COMPILER_GLOBAL_ACCENT_COLOR_NAME = AccentColor;
				CODE_SIGN_ENTITLEMENTS = arthaus/arthaus.entitlements;
				CODE_SIGN_STYLE = Automatic;
				CURRENT_PROJECT_VERSION = 1;
				DEVELOPMENT_ASSET_PATHS = "\"arthaus/Preview Content\"";
				DEVELOPMENT_TEAM = GPXNTHW2U3;
				ENABLE_PREVIEWS = YES;
				GENERATE_INFOPLIST_FILE = YES;
				INFOPLIST_FILE = arthaus/Info.plist;
				INFOPLIST_KEY_UIApplicationSceneManifest_Generation = YES;
				INFOPLIST_KEY_UIApplicationSupportsIndirectInputEvents = YES;
				INFOPLIST_KEY_UILaunchScreen_Generation = YES;
				INFOPLIST_KEY_UISupportedInterfaceOrientations_iPad = "UIInterfaceOrientationPortrait UIInterfaceOrientationPortraitUpsideDown UIInterfaceOrientationLandscapeLeft UIInterfaceOrientationLandscapeRight";
				INFOPLIST_KEY_UISupportedInterfaceOrientations_iPhone = "UIInterfaceOrientationPortrait UIInterfaceOrientationLandscapeLeft UIInterfaceOrientationLandscapeRight";
				LD_RUNPATH_SEARCH_PATHS = (
					"$(inherited)",
					"@executable_path/Frameworks",
				);
				MARKETING_VERSION = 1.0;
				PRODUCT_BUNDLE_IDENTIFIER = com.andrewyoung.arthaus;
				PRODUCT_NAME = "$(TARGET_NAME)";
				SWIFT_EMIT_LOC_STRINGS = YES;
				SWIFT_VERSION = 5.0;
				TARGETED_DEVICE_FAMILY = "1,2";
			};
			name = Debug;
		};
		922B1BAD2DA62FBA0022F472 /* Release */ = {
			isa = XCBuildConfiguration;
			buildSettings = {
				ASSETCATALOG_COMPILER_APPICON_NAME = AppIcon;
				ASSETCATALOG_COMPILER_GLOBAL_ACCENT_COLOR_NAME = AccentColor;
				CODE_SIGN_ENTITLEMENTS = arthaus/arthaus.entitlements;
				CODE_SIGN_STYLE = Automatic;
				CURRENT_PROJECT_VERSION = 1;
				DEVELOPMENT_ASSET_PATHS = "\"arthaus/Preview Content\"";
				DEVELOPMENT_TEAM = GPXNTHW2U3;
				ENABLE_PREVIEWS = YES;
				GENERATE_INFOPLIST_FILE = YES;
				INFOPLIST_FILE = arthaus/Info.plist;
				INFOPLIST_KEY_UIApplicationSceneManifest_Generation = YES;
				INFOPLIST_KEY_UIApplicationSupportsIndirectInputEvents = YES;
				INFOPLIST_KEY_UILaunchScreen_Generation = YES;
				INFOPLIST_KEY_UISupportedInterfaceOrientations_iPad = "UIInterfaceOrientationPortrait UIInterfaceOrientationPortraitUpsideDown UIInterfaceOrientationLandscapeLeft UIInterfaceOrientationLandscapeRight";
				INFOPLIST_KEY_UISupportedInterfaceOrientations_iPhone = "UIInterfaceOrientationPortrait UIInterfaceOrientationLandscapeLeft UIInterfaceOrientationLandscapeRight";
				LD_RUNPATH_SEARCH_PATHS = (
					"$(inherited)",
					"@executable_path/Frameworks",
				);
				MARKETING_VERSION = 1.0;
				PRODUCT_BUNDLE_IDENTIFIER = com.andrewyoung.arthaus;
				PRODUCT_NAME = "$(TARGET_NAME)";
				SWIFT_EMIT_LOC_STRINGS = YES;
				SWIFT_VERSION = 5.0;
				TARGETED_DEVICE_FAMILY = "1,2";
			};
			name = Release;
		};
		922B1BAE2DA62FBA0022F472 /* Debug */ = {
			isa = XCBuildConfiguration;
			buildSettings = {
				ALWAYS_SEARCH_USER_PATHS = NO;
				ASSETCATALOG_COMPILER_GENERATE_SWIFT_ASSET_SYMBOL_EXTENSIONS = YES;
				CLANG_ANALYZER_NONNULL = YES;
				CLANG_ANALYZER_NUMBER_OBJECT_CONVERSION = YES_AGGRESSIVE;
				CLANG_CXX_LANGUAGE_STANDARD = "gnu++20";
				CLANG_ENABLE_MODULES = YES;
				CLANG_ENABLE_OBJC_ARC = YES;
				CLANG_ENABLE_OBJC_WEAK = YES;
				CLANG_WARN_BLOCK_CAPTURE_AUTORELEASING = YES;
				CLANG_WARN_BOOL_CONVERSION = YES;
				CLANG_WARN_COMMA = YES;
				CLANG_WARN_CONSTANT_CONVERSION = YES;
				CLANG_WARN_DEPRECATED_OBJC_IMPLEMENTATIONS = YES;
				CLANG_WARN_DIRECT_OBJC_ISA_USAGE = YES_ERROR;
				CLANG_WARN_DOCUMENTATION_COMMENTS = YES;
				CLANG_WARN_EMPTY_BODY = YES;
				CLANG_WARN_ENUM_CONVERSION = YES;
				CLANG_WARN_INFINITE_RECURSION = YES;
				CLANG_WARN_INT_CONVERSION = YES;
				CLANG_WARN_NON_LITERAL_NULL_CONVERSION = YES;
				CLANG_WARN_OBJC_IMPLICIT_RETAIN_SELF = YES;
				CLANG_WARN_OBJC_LITERAL_CONVERSION = YES;
				CLANG_WARN_OBJC_ROOT_CLASS = YES_ERROR;
				CLANG_WARN_QUOTED_INCLUDE_IN_FRAMEWORK_HEADER = YES;
				CLANG_WARN_RANGE_LOOP_ANALYSIS = YES;
				CLANG_WARN_STRICT_PROTOTYPES = YES;
				CLANG_WARN_SUSPICIOUS_MOVE = YES;
				CLANG_WARN_UNGUARDED_AVAILABILITY = YES_AGGRESSIVE;
				CLANG_WARN_UNREACHABLE_CODE = YES;
				CLANG_WARN__DUPLICATE_METHOD_MATCH = YES;
				COPY_PHASE_STRIP = NO;
				DEBUG_INFORMATION_FORMAT = dwarf;
				ENABLE_STRICT_OBJC_MSGSEND = YES;
				ENABLE_TESTABILITY = YES;
				ENABLE_USER_SCRIPT_SANDBOXING = YES;
				GCC_C_LANGUAGE_STANDARD = gnu17;
				GCC_DYNAMIC_NO_PIC = NO;
				GCC_NO_COMMON_BLOCKS = YES;
				GCC_OPTIMIZATION_LEVEL = 0;
				GCC_PREPROCESSOR_DEFINITIONS = (
					"DEBUG=1",
					"$(inherited)",
				);
				GCC_WARN_64_TO_32_BIT_CONVERSION = YES;
				GCC_WARN_ABOUT_RETURN_TYPE = YES_ERROR;
				GCC_WARN_UNDECLARED_SELECTOR = YES;
				GCC_WARN_UNINITIALIZED_AUTOS = YES_AGGRESSIVE;
				GCC_WARN_UNUSED_FUNCTION = YES;
				GCC_WARN_UNUSED_VARIABLE = YES;
				IPHONEOS_DEPLOYMENT_TARGET = 18.2;
				LOCALIZATION_PREFERS_STRING_CATALOGS = YES;
				MTL_ENABLE_DEBUG_INFO = INCLUDE_SOURCE;
				MTL_FAST_MATH = YES;
				ONLY_ACTIVE_ARCH = YES;
				SDKROOT = iphoneos;
				SWIFT_ACTIVE_COMPILATION_CONDITIONS = "DEBUG $(inherited)";
				SWIFT_OPTIMIZATION_LEVEL = "-Onone";
			};
			name = Debug;
		};
		922B1BAF2DA62FBA0022F472 /* Release */ = {
			isa = XCBuildConfiguration;
			buildSettings = {
				ALWAYS_SEARCH_USER_PATHS = NO;
				ASSETCATALOG_COMPILER_GENERATE_SWIFT_ASSET_SYMBOL_EXTENSIONS = YES;
				CLANG_ANALYZER_NONNULL = YES;
				CLANG_ANALYZER_NUMBER_OBJECT_CONVERSION = YES_AGGRESSIVE;
				CLANG_CXX_LANGUAGE_STANDARD = "gnu++20";
				CLANG_ENABLE_MODULES = YES;
				CLANG_ENABLE_OBJC_ARC = YES;
				CLANG_ENABLE_OBJC_WEAK = YES;
				CLANG_WARN_BLOCK_CAPTURE_AUTORELEASING = YES;
				CLANG_WARN_BOOL_CONVERSION = YES;
				CLANG_WARN_COMMA = YES;
				CLANG_WARN_CONSTANT_CONVERSION = YES;
				CLANG_WARN_DEPRECATED_OBJC_IMPLEMENTATIONS = YES;
				CLANG_WARN_DIRECT_OBJC_ISA_USAGE = YES_ERROR;
				CLANG_WARN_DOCUMENTATION_COMMENTS = YES;
				CLANG_WARN_EMPTY_BODY = YES;
				CLANG_WARN_ENUM_CONVERSION = YES;
				CLANG_WARN_INFINITE_RECURSION = YES;
				CLANG_WARN_INT_CONVERSION = YES;
				CLANG_WARN_NON_LITERAL_NULL_CONVERSION = YES;
				CLANG_WARN_OBJC_IMPLICIT_RETAIN_SELF = YES;
				CLANG_WARN_OBJC_LITERAL_CONVERSION = YES;
				CLANG_WARN_OBJC_ROOT_CLASS = YES_ERROR;
				CLANG_WARN_QUOTED_INCLUDE_IN_FRAMEWORK_HEADER = YES;
				CLANG_WARN_RANGE_LOOP_ANALYSIS = YES;
				CLANG_WARN_STRICT_PROTOTYPES = YES;
				CLANG_WARN_SUSPICIOUS_MOVE = YES;
				CLANG_WARN_UNGUARDED_AVAILABILITY = YES_AGGRESSIVE;
				CLANG_WARN_UNREACHABLE_CODE = YES;
				CLANG_WARN__DUPLICATE_METHOD_MATCH = YES;
				COPY_PHASE_STRIP = NO;
				DEBUG_INFORMATION_FORMAT = "dwarf-with-dsym";
				ENABLE_NS_ASSERTIONS = NO;
				ENABLE_STRICT_OBJC_MSGSEND = YES;
				ENABLE_USER_SCRIPT_SANDBOXING = YES;
				GCC_C_LANGUAGE_STANDARD = gnu17;
				GCC_NO_COMMON_BLOCKS = YES;
				GCC_WARN_64_TO_32_BIT_CONVERSION = YES;
				GCC_WARN_ABOUT_RETURN_TYPE = YES_ERROR;
				GCC_WARN_UNDECLARED_SELECTOR = YES;
				GCC_WARN_UNINITIALIZED_AUTOS = YES_AGGRESSIVE;
				GCC_WARN_UNUSED_FUNCTION = YES;
				GCC_WARN_UNUSED_VARIABLE = YES;
				IPHONEOS_DEPLOYMENT_TARGET = 18.2;
				LOCALIZATION_PREFERS_STRING_CATALOGS = YES;
				MTL_ENABLE_DEBUG_INFO = NO;
				MTL_FAST_MATH = YES;
				SDKROOT = iphoneos;
				SWIFT_COMPILATION_MODE = wholemodule;
				VALIDATE_PRODUCT = YES;
			};
			name = Release;
		};
		922B1BB12DA62FBA0022F472 /* Debug */ = {
			isa = XCBuildConfiguration;
			buildSettings = {
				BUNDLE_LOADER = "$(TEST_HOST)";
				CODE_SIGN_STYLE = Automatic;
				CURRENT_PROJECT_VERSION = 1;
				DEVELOPMENT_TEAM = GPXNTHW2U3;
				GENERATE_INFOPLIST_FILE = YES;
				IPHONEOS_DEPLOYMENT_TARGET = 18.2;
				MARKETING_VERSION = 1.0;
				PRODUCT_BUNDLE_IDENTIFIER = com.andrewyoung.arthausTests;
				PRODUCT_NAME = "$(TARGET_NAME)";
				SWIFT_EMIT_LOC_STRINGS = NO;
				SWIFT_VERSION = 5.0;
				TARGETED_DEVICE_FAMILY = "1,2";
				TEST_HOST = "$(BUILT_PRODUCTS_DIR)/arthaus.app/$(BUNDLE_EXECUTABLE_FOLDER_PATH)/arthaus";
			};
			name = Debug;
		};
		922B1BB22DA62FBA0022F472 /* Release */ = {
			isa = XCBuildConfiguration;
			buildSettings = {
				BUNDLE_LOADER = "$(TEST_HOST)";
				CODE_SIGN_STYLE = Automatic;
				CURRENT_PROJECT_VERSION = 1;
				DEVELOPMENT_TEAM = GPXNTHW2U3;
				GENERATE_INFOPLIST_FILE = YES;
				IPHONEOS_DEPLOYMENT_TARGET = 18.2;
				MARKETING_VERSION = 1.0;
				PRODUCT_BUNDLE_IDENTIFIER = com.andrewyoung.arthausTests;
				PRODUCT_NAME = "$(TARGET_NAME)";
				SWIFT_EMIT_LOC_STRINGS = NO;
				SWIFT_VERSION = 5.0;
				TARGETED_DEVICE_FAMILY = "1,2";
				TEST_HOST = "$(BUILT_PRODUCTS_DIR)/arthaus.app/$(BUNDLE_EXECUTABLE_FOLDER_PATH)/arthaus";
			};
			name = Release;
		};
		922B1BB42DA62FBA0022F472 /* Debug */ = {
			isa = XCBuildConfiguration;
			buildSettings = {
				CODE_SIGN_STYLE = Automatic;
				CURRENT_PROJECT_VERSION = 1;
				DEVELOPMENT_TEAM = GPXNTHW2U3;
				GENERATE_INFOPLIST_FILE = YES;
				MARKETING_VERSION = 1.0;
				PRODUCT_BUNDLE_IDENTIFIER = com.andrewyoung.arthausUITests;
				PRODUCT_NAME = "$(TARGET_NAME)";
				SWIFT_EMIT_LOC_STRINGS = NO;
				SWIFT_VERSION = 5.0;
				TARGETED_DEVICE_FAMILY = "1,2";
				TEST_TARGET_NAME = arthaus;
			};
			name = Debug;
		};
		922B1BB52DA62FBA0022F472 /* Release */ = {
			isa = XCBuildConfiguration;
			buildSettings = {
				CODE_SIGN_STYLE = Automatic;
				CURRENT_PROJECT_VERSION = 1;
				DEVELOPMENT_TEAM = GPXNTHW2U3;
				GENERATE_INFOPLIST_FILE = YES;
				MARKETING_VERSION = 1.0;
				PRODUCT_BUNDLE_IDENTIFIER = com.andrewyoung.arthausUITests;
				PRODUCT_NAME = "$(TARGET_NAME)";
				SWIFT_EMIT_LOC_STRINGS = NO;
				SWIFT_VERSION = 5.0;
				TARGETED_DEVICE_FAMILY = "1,2";
				TEST_TARGET_NAME = arthaus;
			};
			name = Release;
		};
/* End XCBuildConfiguration section */

/* Begin XCConfigurationList section */
		922B1B7F2DA62FB90022F472 /* Build configuration list for PBXProject "arthaus" */ = {
			isa = XCConfigurationList;
			buildConfigurations = (
				922B1BAE2DA62FBA0022F472 /* Debug */,
				922B1BAF2DA62FBA0022F472 /* Release */,
			);
			defaultConfigurationIsVisible = 0;
			defaultConfigurationName = Release;
		};
		922B1BAB2DA62FBA0022F472 /* Build configuration list for PBXNativeTarget "arthaus" */ = {
			isa = XCConfigurationList;
			buildConfigurations = (
				922B1BAC2DA62FBA0022F472 /* Debug */,
				922B1BAD2DA62FBA0022F472 /* Release */,
			);
			defaultConfigurationIsVisible = 0;
			defaultConfigurationName = Release;
		};
		922B1BB02DA62FBA0022F472 /* Build configuration list for PBXNativeTarget "arthausTests" */ = {
			isa = XCConfigurationList;
			buildConfigurations = (
				922B1BB12DA62FBA0022F472 /* Debug */,
				922B1BB22DA62FBA0022F472 /* Release */,
			);
			defaultConfigurationIsVisible = 0;
			defaultConfigurationName = Release;
		};
		922B1BB32DA62FBA0022F472 /* Build configuration list for PBXNativeTarget "arthausUITests" */ = {
			isa = XCConfigurationList;
			buildConfigurations = (
				922B1BB42DA62FBA0022F472 /* Debug */,
				922B1BB52DA62FBA0022F472 /* Release */,
			);
			defaultConfigurationIsVisible = 0;
			defaultConfigurationName = Release;
		};
/* End XCConfigurationList section */

/* Begin XCRemoteSwiftPackageReference section */
		921F25C62DB2D3990096A100 /* XCRemoteSwiftPackageReference "ConfettiSwiftUI" */ = {
			isa = XCRemoteSwiftPackageReference;
			repositoryURL = "https://github.com/simibac/ConfettiSwiftUI.git";
			requirement = {
				kind = upToNextMajorVersion;
				minimumVersion = 2.0.3;
			};
		};
/* End XCRemoteSwiftPackageReference section */
	};
	rootObject = 922B1B7C2DA62FB90022F472 /* Project object */;
}
